lockfileVersion: 5.4

specifiers:
  zenn-cli: ^0.1.139

dependencies:
  zenn-cli: 0.1.139

packages:

  /zenn-cli/0.1.139:
    resolution: {integrity: sha512-bjiwnX4rqg2CgCjDDhTtoQyoD+VJBJhW+SqhxN/B6zP0W5yZdT6asEntRVcsm8u9eloV1sgCt1OazORsv1YtYg==}
    engines: {node: '>=14.0.0'}
    hasBin: true
    dev: false
